
Microsoft Visual Studio Solution File, Format Version 12.00
# Visual Studio 14
VisualStudioVersion = 14.0.24720.0
MinimumVisualStudioVersion = 10.0.40219.1
Project("{FAE04EC0-301F-11D3-BF4B-00C04F79EFBC}") = "NetflixRewrite", "NetflixRewrite\NetflixRewrite.csproj", "{A326D356-9CE5-4D71-B7E3-264A482ACFAC}"
EndProject
Project("{FAE04EC0-301F-11D3-BF4B-00C04F79EFBC}") = "NetflixRewriteTests", "NetflixRewriteTests\NetflixRewriteTests.csproj", "{E635673B-4682-4753-9853-3EE7198BE942}"
EndProject
Global
	GlobalSection(SolutionConfigurationPlatforms) = preSolution
		Debug|Any CPU = Debug|Any CPU
		Release|Any CPU = Release|Any CPU
	EndGlobalSection
	GlobalSection(ProjectConfigurationPlatforms) = postSolution
		{A326D356-9CE5-4D71-B7E3-264A482ACFAC}.Debug|Any CPU.ActiveCfg = Debug|Any CPU
		{A326D356-9CE5-4D71-B7E3-264A482ACFAC}.Debug|Any CPU.Build.0 = Debug|Any CPU
		{A326D356-9CE5-4D71-B7E3-264A482ACFAC}.Release|Any CPU.ActiveCfg = Release|Any CPU
		{A326D356-9CE5-4D71-B7E3-264A482ACFAC}.Release|Any CPU.Build.0 = Release|Any CPU
		{E635673B-4682-4753-9853-3EE7198BE942}.Debug|Any CPU.ActiveCfg = Debug|Any CPU
		{E635673B-4682-4753-9853-3EE7198BE942}.Debug|Any CPU.Build.0 = Debug|Any CPU
		{E635673B-4682-4753-9853-3EE7198BE942}.Release|Any CPU.ActiveCfg = Release|Any CPU
		{E635673B-4682-4753-9853-3EE7198BE942}.Release|Any CPU.Build.0 = Release|Any CPU
	EndGlobalSection
	GlobalSection(SolutionProperties) = preSolution
		HideSolutionNode = FALSE
	EndGlobalSection
EndGlobal
